{
  "lockfile_version": "1",
  "packages": {
    "bun@latest": {
      "last_modified": "2026-02-11T03:47:03Z",
      "resolved": "github:NixOS/nixpkgs/c05d2232d2feaa4c7a07f1168606917402868195#bun",
      "source": "devbox-search",
      "version": "1.3.9",
      "systems": {
        "aarch64-darwin": {
          "outputs": [
            {
              "name": "out",
              "path": "/nix/store/9z2qr25gz57cpid5r8k6h17hzg8h7nqm-bun-1.3.9",
              "default": true
            }
          ],
          "store_path": "/nix/store/9z2qr25gz57cpid5r8k6h17hzg8h7nqm-bun-1.3.9"
        },
        "aarch64-linux": {
          "outputs": [
            {
              "name": "out",
              "path": "/nix/store/wdjqjz93csdbwcdsr2piz8z0qj0qzc24-bun-1.3.9",
              "default": true
            }
          ],
          "store_path": "/nix/store/wdjqjz93csdbwcdsr2piz8z0qj0qzc24-bun-1.3.9"
        },
        "x86_64-darwin": {
          "outputs": [
            {
              "name": "out",
              "path": "/nix/store/1mz6k9a73nafyjbdzwj2widhbj6gdd71-bun-1.3.9",
              "default": true
            }
          ],
          "store_path": "/nix/store/1mz6k9a73nafyjbdzwj2widhbj6gdd71-bun-1.3.9"
        },
        "x86_64-linux": {
          "outputs": [
            {
              "name": "out",
              "path": "/nix/store/32ny48glvmdgpamsqp2ra8bdwl59bjfw-bun-1.3.9",
              "default": true
            }
          ],
          "store_path": "/nix/store/32ny48glvmdgpamsqp2ra8bdwl59bjfw-bun-1.3.9"
        }
      }
    },
    "github:NixOS/nixpkgs/nixpkgs-unstable": {
      "last_modified": "2025-07-08T22:16:38Z",
      "resolved": "github:NixOS/nixpkgs/2a2130494ad647f953593c4e84ea4df839fbd68c?lastModified=1752012998&narHash=sha256-Q82Ms%2BFQmgOBkdoSVm%2BFBpuFoeUAffNerR5yVV7SgT8%3D"
    }
  }
}
